
Microsoft Visual Studio Solution File, Format Version 12.00
# Visual Studio Version 17
VisualStudioVersion = 17.5.33424.131
MinimumVisualStudioVersion = 10.0.40219.1
Project("{2150E333-8FDC-42A3-9474-1A3956D46DE8}") = "Apresentacao", "Apresentacao", "{26777516-8C2E-44EF-BB23-2ACE20B7B5E2}"
EndProject
Project("{FAE04EC0-301F-11D3-BF4B-00C04F79EFBC}") = "e-Festas.WinApp", "e-Festas.WinApp\e-Festas.WinApp.csproj", "{E2AB7B84-A2D7-42DF-B1AC-19450AFBC506}"
EndProject
Project("{2150E333-8FDC-42A3-9474-1A3956D46DE8}") = "Infra", "Infra", "{608BC08C-1A15-4061-AB32-93CEF98AF13E}"
EndProject
Project("{2150E333-8FDC-42A3-9474-1A3956D46DE8}") = "Dominio", "Dominio", "{879B17B3-B09F-422A-972F-D430DC09F2A0}"
EndProject
Project("{FAE04EC0-301F-11D3-BF4B-00C04F79EFBC}") = "e-Festas.Dominio", "e-Festas.Dominio\e-Festas.Dominio.csproj", "{20F6376C-C890-4328-AB03-774285715488}"
EndProject
Project("{FAE04EC0-301F-11D3-BF4B-00C04F79EFBC}") = "e-Festas.Infra.Dados.Arquivo", "e-Festas.Infra.Dados.Arquivo\e-Festas.Infra.Dados.Arquivo.csproj", "{DA745C8B-AFB8-4C32-BB65-CA03087AC253}"
EndProject
Global
	GlobalSection(SolutionConfigurationPlatforms) = preSolution
		Debug|Any CPU = Debug|Any CPU
		Release|Any CPU = Release|Any CPU
	EndGlobalSection
	GlobalSection(ProjectConfigurationPlatforms) = postSolution
		{E2AB7B84-A2D7-42DF-B1AC-19450AFBC506}.Debug|Any CPU.ActiveCfg = Debug|Any CPU
		{E2AB7B84-A2D7-42DF-B1AC-19450AFBC506}.Debug|Any CPU.Build.0 = Debug|Any CPU
		{E2AB7B84-A2D7-42DF-B1AC-19450AFBC506}.Release|Any CPU.ActiveCfg = Release|Any CPU
		{E2AB7B84-A2D7-42DF-B1AC-19450AFBC506}.Release|Any CPU.Build.0 = Release|Any CPU
		{20F6376C-C890-4328-AB03-774285715488}.Debug|Any CPU.ActiveCfg = Debug|Any CPU
		{20F6376C-C890-4328-AB03-774285715488}.Debug|Any CPU.Build.0 = Debug|Any CPU
		{20F6376C-C890-4328-AB03-774285715488}.Release|Any CPU.ActiveCfg = Release|Any CPU
		{20F6376C-C890-4328-AB03-774285715488}.Release|Any CPU.Build.0 = Release|Any CPU
		{DA745C8B-AFB8-4C32-BB65-CA03087AC253}.Debug|Any CPU.ActiveCfg = Debug|Any CPU
		{DA745C8B-AFB8-4C32-BB65-CA03087AC253}.Debug|Any CPU.Build.0 = Debug|Any CPU
		{DA745C8B-AFB8-4C32-BB65-CA03087AC253}.Release|Any CPU.ActiveCfg = Release|Any CPU
		{DA745C8B-AFB8-4C32-BB65-CA03087AC253}.Release|Any CPU.Build.0 = Release|Any CPU
	EndGlobalSection
	GlobalSection(SolutionProperties) = preSolution
		HideSolutionNode = FALSE
	EndGlobalSection
	GlobalSection(NestedProjects) = preSolution
		{E2AB7B84-A2D7-42DF-B1AC-19450AFBC506} = {26777516-8C2E-44EF-BB23-2ACE20B7B5E2}
		{20F6376C-C890-4328-AB03-774285715488} = {879B17B3-B09F-422A-972F-D430DC09F2A0}
		{DA745C8B-AFB8-4C32-BB65-CA03087AC253} = {608BC08C-1A15-4061-AB32-93CEF98AF13E}
	EndGlobalSection
	GlobalSection(ExtensibilityGlobals) = postSolution
		SolutionGuid = {569BC0B1-293F-44FE-B889-4A1F4D1896DC}
	EndGlobalSection
EndGlobal
